
Microsoft Visual Studio Solution File, Format Version 12.00
# Visual Studio Version 16
VisualStudioVersion = 16.0.31321.278
MinimumVisualStudioVersion = 10.0.40219.1
Project("{FAE04EC0-301F-11D3-BF4B-00C04F79EFBC}") = "CurrencyExchange_ver2", "CurrencyExchange_ver2.csproj", "{E89E29AE-94B8-46EA-9E10-D65524407971}"
EndProject
Global
	GlobalSection(SolutionConfigurationPlatforms) = preSolution
		Debug|Any CPU = Debug|Any CPU
		Release|Any CPU = Release|Any CPU
	EndGlobalSection
	GlobalSection(ProjectConfigurationPlatforms) = postSolution
		{E89E29AE-94B8-46EA-9E10-D65524407971}.Debug|Any CPU.ActiveCfg = Debug|Any CPU
		{E89E29AE-94B8-46EA-9E10-D65524407971}.Debug|Any CPU.Build.0 = Debug|Any CPU
		{E89E29AE-94B8-46EA-9E10-D65524407971}.Release|Any CPU.ActiveCfg = Release|Any CPU
		{E89E29AE-94B8-46EA-9E10-D65524407971}.Release|Any CPU.Build.0 = Release|Any CPU
	EndGlobalSection
	GlobalSection(SolutionProperties) = preSolution
		HideSolutionNode = FALSE
	EndGlobalSection
	GlobalSection(ExtensibilityGlobals) = postSolution
		SolutionGuid = {AB36CB07-CFE7-4FB2-951F-E125F8C39B1B}
	EndGlobalSection
EndGlobal
