
Microsoft Visual Studio Solution File, Format Version 12.00
Project("{FAE04EC0-301F-11D3-BF4B-00C04F79EFBC}") = "HeatCalculator_Kermi", "HeatCalculator_Kermi\HeatCalculator_Kermi.csproj", "{BD936FD1-C62A-4521-8DD8-100E1551428B}"
EndProject
Project("{FAE04EC0-301F-11D3-BF4B-00C04F79EFBC}") = "Locators", "Locators\Locators.csproj", "{51B7A1C7-1886-4DC8-9583-999441AF1A86}"
EndProject
Project("{FAE04EC0-301F-11D3-BF4B-00C04F79EFBC}") = "PageObject", "PageObject\PageObject.csproj", "{FF3F1E6F-B5EB-4EFE-BBE3-DB5C05B94828}"
EndProject
Global
	GlobalSection(SolutionConfigurationPlatforms) = preSolution
		Debug|Any CPU = Debug|Any CPU
		Release|Any CPU = Release|Any CPU
	EndGlobalSection
	GlobalSection(ProjectConfigurationPlatforms) = postSolution
		{BD936FD1-C62A-4521-8DD8-100E1551428B}.Debug|Any CPU.ActiveCfg = Debug|Any CPU
		{BD936FD1-C62A-4521-8DD8-100E1551428B}.Debug|Any CPU.Build.0 = Debug|Any CPU
		{BD936FD1-C62A-4521-8DD8-100E1551428B}.Release|Any CPU.ActiveCfg = Release|Any CPU
		{BD936FD1-C62A-4521-8DD8-100E1551428B}.Release|Any CPU.Build.0 = Release|Any CPU
		{51B7A1C7-1886-4DC8-9583-999441AF1A86}.Debug|Any CPU.ActiveCfg = Debug|Any CPU
		{51B7A1C7-1886-4DC8-9583-999441AF1A86}.Debug|Any CPU.Build.0 = Debug|Any CPU
		{51B7A1C7-1886-4DC8-9583-999441AF1A86}.Release|Any CPU.ActiveCfg = Release|Any CPU
		{51B7A1C7-1886-4DC8-9583-999441AF1A86}.Release|Any CPU.Build.0 = Release|Any CPU
		{FF3F1E6F-B5EB-4EFE-BBE3-DB5C05B94828}.Debug|Any CPU.ActiveCfg = Debug|Any CPU
		{FF3F1E6F-B5EB-4EFE-BBE3-DB5C05B94828}.Debug|Any CPU.Build.0 = Debug|Any CPU
		{FF3F1E6F-B5EB-4EFE-BBE3-DB5C05B94828}.Release|Any CPU.ActiveCfg = Release|Any CPU
		{FF3F1E6F-B5EB-4EFE-BBE3-DB5C05B94828}.Release|Any CPU.Build.0 = Release|Any CPU
	EndGlobalSection
EndGlobal
