
Microsoft Visual Studio Solution File, Format Version 12.00
# Visual Studio Version 16
VisualStudioVersion = 16.0.31321.278
MinimumVisualStudioVersion = 10.0.40219.1
Project("{FAE04EC0-301F-11D3-BF4B-00C04F79EFBC}") = "Users", "Users.csproj", "{6BD806CF-068B-4462-A796-86E2174E1AB3}"
EndProject
Global
	GlobalSection(SolutionConfigurationPlatforms) = preSolution
		Debug|Any CPU = Debug|Any CPU
		Release|Any CPU = Release|Any CPU
	EndGlobalSection
	GlobalSection(ProjectConfigurationPlatforms) = postSolution
		{6BD806CF-068B-4462-A796-86E2174E1AB3}.Debug|Any CPU.ActiveCfg = Debug|Any CPU
		{6BD806CF-068B-4462-A796-86E2174E1AB3}.Debug|Any CPU.Build.0 = Debug|Any CPU
		{6BD806CF-068B-4462-A796-86E2174E1AB3}.Release|Any CPU.ActiveCfg = Release|Any CPU
		{6BD806CF-068B-4462-A796-86E2174E1AB3}.Release|Any CPU.Build.0 = Release|Any CPU
	EndGlobalSection
	GlobalSection(SolutionProperties) = preSolution
		HideSolutionNode = FALSE
	EndGlobalSection
	GlobalSection(ExtensibilityGlobals) = postSolution
		SolutionGuid = {FA204271-8CA1-40A3-B957-2C7A35E280F7}
	EndGlobalSection
EndGlobal
